
Microsoft Visual Studio Solution File, Format Version 12.00
# Visual Studio Version 16
VisualStudioVersion = 16.0.29728.190
MinimumVisualStudioVersion = 10.0.40219.1
Project("{FAE04EC0-301F-11D3-BF4B-00C04F79EFBC}") = "Multilang", "Multilang.csproj", "{3EF1F411-56FC-43C6-BA8C-258DD6D3D20B}"
EndProject
Global
	GlobalSection(SolutionConfigurationPlatforms) = preSolution
		Debug|Any CPU = Debug|Any CPU
		Release|Any CPU = Release|Any CPU
	EndGlobalSection
	GlobalSection(ProjectConfigurationPlatforms) = postSolution
		{3EF1F411-56FC-43C6-BA8C-258DD6D3D20B}.Debug|Any CPU.ActiveCfg = Debug|Any CPU
		{3EF1F411-56FC-43C6-BA8C-258DD6D3D20B}.Debug|Any CPU.Build.0 = Debug|Any CPU
		{3EF1F411-56FC-43C6-BA8C-258DD6D3D20B}.Release|Any CPU.ActiveCfg = Release|Any CPU
		{3EF1F411-56FC-43C6-BA8C-258DD6D3D20B}.Release|Any CPU.Build.0 = Release|Any CPU
	EndGlobalSection
	GlobalSection(SolutionProperties) = preSolution
		HideSolutionNode = FALSE
	EndGlobalSection
	GlobalSection(ExtensibilityGlobals) = postSolution
		SolutionGuid = {2145DEC3-3034-41DB-93FA-D82E4BD8E306}
	EndGlobalSection
EndGlobal
